
Microsoft Visual Studio Solution File, Format Version 12.00
# Visual Studio Version 16
VisualStudioVersion = 16.0.29519.181
MinimumVisualStudioVersion = 10.0.40219.1
Project("{888888A0-9F3D-457C-B088-3A5042F75D52}") = "Laboratorul 4", "Laboratorul 4\Laboratorul 4.pyproj", "{89982A1C-9DA9-46E9-9065-54399A606640}"
EndProject
Global
	GlobalSection(SolutionConfigurationPlatforms) = preSolution
		Debug|Any CPU = Debug|Any CPU
		Release|Any CPU = Release|Any CPU
	EndGlobalSection
	GlobalSection(ProjectConfigurationPlatforms) = postSolution
		{89982A1C-9DA9-46E9-9065-54399A606640}.Debug|Any CPU.ActiveCfg = Debug|Any CPU
		{89982A1C-9DA9-46E9-9065-54399A606640}.Release|Any CPU.ActiveCfg = Release|Any CPU
	EndGlobalSection
	GlobalSection(SolutionProperties) = preSolution
		HideSolutionNode = FALSE
	EndGlobalSection
	GlobalSection(ExtensibilityGlobals) = postSolution
		SolutionGuid = {8A17D8C2-0D9E-4547-AADC-97D29DF54A1E}
	EndGlobalSection
EndGlobal
